// !$*UTF8*$!
{
	archiveVersion = 1;
	classes = {
	};
	objectVersion = 55;
	objects = {

/* Begin PBXBuildFile section */
		390FC5AA345D44857E482778 /* Preview Assets.xcassets in Resources */ = {isa = PBXBuildFile; fileRef = 3AE8624F55BD50DDE7F013F0 /* Preview Assets.xcassets */; };
		82E98347733FF9DEABCE4094 /* LaunchScreen.storyboard in Resources */ = {isa = PBXBuildFile; fileRef = 8C23A5A4388DC2484DFEBAE0 /* LaunchScreen.storyboard */; };
		8B4D900663C79CF2AEC28E8D /* TuistBundle+SuddenVanguard.swift in Sources */ = {isa = PBXBuildFile; fileRef = F9B37AC2B267FCAD596DFFA3 /* TuistBundle+SuddenVanguard.swift */; };
		990D89C63F52FE0C938FFCDB /* Assets.xcassets in Resources */ = {isa = PBXBuildFile; fileRef = CFE9F936EC402ADB509A8C77 /* Assets.xcassets */; };
		BAE509E47C2CACABC38B5505 /* TuistAssets+SuddenVanguard.swift in Sources */ = {isa = PBXBuildFile; fileRef = B1BDBDA905E99FE7C8AFDAF7 /* TuistAssets+SuddenVanguard.swift */; };
		BB4D18E05BB3110ED5E70126 /* TmpApp.swift in Sources */ = {isa = PBXBuildFile; fileRef = 5687BF3B935C610F3C1E8491 /* TmpApp.swift */; };
		C41FE1E2EF720977F20C3EB5 /* TmpTests.swift in Sources */ = {isa = PBXBuildFile; fileRef = 78BC8ADA3EE1DDE978AED2DD /* TmpTests.swift */; };
		E8D01B885C1C9C5905315A27 /* ContentView.swift in Sources */ = {isa = PBXBuildFile; fileRef = 1DDBF6C206FAD2C4100ADAF0 /* ContentView.swift */; };
/* End PBXBuildFile section */

/* Begin PBXContainerItemProxy section */
		9BD4D3B580375B4606719FEA /* PBXContainerItemProxy */ = {
			isa = PBXContainerItemProxy;
			containerPortal = 1F6A49080D2DC5D9F248DCD8 /* Project object */;
			proxyType = 1;
			remoteGlobalIDString = 9611BF61B5BE3D38FC67CA8E;
			remoteInfo = SuddenVanguard;
		};
/* End PBXContainerItemProxy section */

/* Begin PBXCopyFilesBuildPhase section */
		12ED23C4F4B98C4DC9443E58 /* Embed Frameworks */ = {
			isa = PBXCopyFilesBuildPhase;
			buildActionMask = 2147483647;
			dstPath = "";
			dstSubfolderSpec = 10;
			files = (
			);
			name = "Embed Frameworks";
			runOnlyForDeploymentPostprocessing = 0;
		};
		4B5C3EA5FAE59D6B9733FCC1 /* Embed Frameworks */ = {
			isa = PBXCopyFilesBuildPhase;
			buildActionMask = 2147483647;
			dstPath = "";
			dstSubfolderSpec = 10;
			files = (
			);
			name = "Embed Frameworks";
			runOnlyForDeploymentPostprocessing = 0;
		};
/* End PBXCopyFilesBuildPhase section */

/* Begin PBXFileReference section */
		1DDBF6C206FAD2C4100ADAF0 /* ContentView.swift */ = {isa = PBXFileReference; lastKnownFileType = sourcecode.swift; path = ContentView.swift; sourceTree = "<group>"; };
		3AE8624F55BD50DDE7F013F0 /* Preview Assets.xcassets */ = {isa = PBXFileReference; lastKnownFileType = folder.assetcatalog; path = "Preview Assets.xcassets"; sourceTree = "<group>"; };
		5687BF3B935C610F3C1E8491 /* TmpApp.swift */ = {isa = PBXFileReference; lastKnownFileType = sourcecode.swift; path = TmpApp.swift; sourceTree = "<group>"; };
		78BC8ADA3EE1DDE978AED2DD /* TmpTests.swift */ = {isa = PBXFileReference; lastKnownFileType = sourcecode.swift; path = TmpTests.swift; sourceTree = "<group>"; };
		7E43105532E88E613D15A551 /* SuddenVanguardTests.xctest */ = {isa = PBXFileReference; explicitFileType = wrapper.cfbundle; includeInIndex = 0; path = SuddenVanguardTests.xctest; sourceTree = BUILT_PRODUCTS_DIR; };
		8C23A5A4388DC2484DFEBAE0 /* LaunchScreen.storyboard */ = {isa = PBXFileReference; lastKnownFileType = file.storyboard; path = LaunchScreen.storyboard; sourceTree = "<group>"; };
		9845956EB242D7E7BC6DC397 /* SuddenVanguard-Info.plist */ = {isa = PBXFileReference; lastKnownFileType = text.plist; path = "SuddenVanguard-Info.plist"; sourceTree = "<group>"; };
		B1BDBDA905E99FE7C8AFDAF7 /* TuistAssets+SuddenVanguard.swift */ = {isa = PBXFileReference; lastKnownFileType = sourcecode.swift; path = "TuistAssets+SuddenVanguard.swift"; sourceTree = "<group>"; };
		CFE9F936EC402ADB509A8C77 /* Assets.xcassets */ = {isa = PBXFileReference; lastKnownFileType = folder.assetcatalog; path = Assets.xcassets; sourceTree = "<group>"; };
		DE09D796E38F8D3B55EF0E6C /* SuddenVanguard.app */ = {isa = PBXFileReference; explicitFileType = wrapper.application; includeInIndex = 0; path = SuddenVanguard.app; sourceTree = BUILT_PRODUCTS_DIR; };
		E622194F9F2816C84228592C /* SuddenVanguardTests-Info.plist */ = {isa = PBXFileReference; lastKnownFileType = text.plist; path = "SuddenVanguardTests-Info.plist"; sourceTree = "<group>"; };
		F9B37AC2B267FCAD596DFFA3 /* TuistBundle+SuddenVanguard.swift */ = {isa = PBXFileReference; lastKnownFileType = sourcecode.swift; path = "TuistBundle+SuddenVanguard.swift"; sourceTree = "<group>"; };
/* End PBXFileReference section */

/* Begin PBXFrameworksBuildPhase section */
		379F6700548BB874AEEB442E /* Frameworks */ = {
			isa = PBXFrameworksBuildPhase;
			buildActionMask = 2147483647;
			files = (
			);
			runOnlyForDeploymentPostprocessing = 0;
		};
		E9E216298C4107CD3908F2A8 /* Frameworks */ = {
			isa = PBXFrameworksBuildPhase;
			buildActionMask = 2147483647;
			files = (
			);
			runOnlyForDeploymentPostprocessing = 0;
		};
/* End PBXFrameworksBuildPhase section */

/* Begin PBXGroup section */
		21F15B4A31B907DEAE6EAE40 /* InfoPlists */ = {
			isa = PBXGroup;
			children = (
				9845956EB242D7E7BC6DC397 /* SuddenVanguard-Info.plist */,
				E622194F9F2816C84228592C /* SuddenVanguardTests-Info.plist */,
			);
			path = InfoPlists;
			sourceTree = "<group>";
		};
		4376FDE2D2644A3CB6BF3439 /* Sources */ = {
			isa = PBXGroup;
			children = (
				B1BDBDA905E99FE7C8AFDAF7 /* TuistAssets+SuddenVanguard.swift */,
				F9B37AC2B267FCAD596DFFA3 /* TuistBundle+SuddenVanguard.swift */,
			);
			path = Sources;
			sourceTree = "<group>";
		};
		56698052A1F365FFB1781B14 /* Project */ = {
			isa = PBXGroup;
			children = (
				DF1EDA770CCA274587A38D0B /* Derived */,
				DD1CDCCA6F7BF9E7D6B26591 /* SuddenVanguard */,
			);
			name = Project;
			sourceTree = "<group>";
		};
		60C9EBA7E77CBC76B184DDF6 /* Resources */ = {
			isa = PBXGroup;
			children = (
				D341A827727945D16068EEA8 /* Preview Content */,
				CFE9F936EC402ADB509A8C77 /* Assets.xcassets */,
				8C23A5A4388DC2484DFEBAE0 /* LaunchScreen.storyboard */,
			);
			path = Resources;
			sourceTree = "<group>";
		};
		671978E4B187543F920BDF41 /* Tests */ = {
			isa = PBXGroup;
			children = (
				78BC8ADA3EE1DDE978AED2DD /* TmpTests.swift */,
			);
			path = Tests;
			sourceTree = "<group>";
		};
		D341A827727945D16068EEA8 /* Preview Content */ = {
			isa = PBXGroup;
			children = (
				3AE8624F55BD50DDE7F013F0 /* Preview Assets.xcassets */,
			);
			path = "Preview Content";
			sourceTree = "<group>";
		};
		D518777503C2BE6E9507E9B2 = {
			isa = PBXGroup;
			children = (
				56698052A1F365FFB1781B14 /* Project */,
				E8B8899999E38B1198518C8A /* Products */,
			);
			sourceTree = "<group>";
		};
		DD1CDCCA6F7BF9E7D6B26591 /* SuddenVanguard */ = {
			isa = PBXGroup;
			children = (
				60C9EBA7E77CBC76B184DDF6 /* Resources */,
				F3ED906C62712AD7D6BE7B48 /* Sources */,
				671978E4B187543F920BDF41 /* Tests */,
			);
			path = SuddenVanguard;
			sourceTree = "<group>";
		};
		DF1EDA770CCA274587A38D0B /* Derived */ = {
			isa = PBXGroup;
			children = (
				21F15B4A31B907DEAE6EAE40 /* InfoPlists */,
				4376FDE2D2644A3CB6BF3439 /* Sources */,
			);
			path = Derived;
			sourceTree = "<group>";
		};
		E8B8899999E38B1198518C8A /* Products */ = {
			isa = PBXGroup;
			children = (
				DE09D796E38F8D3B55EF0E6C /* SuddenVanguard.app */,
				7E43105532E88E613D15A551 /* SuddenVanguardTests.xctest */,
			);
			name = Products;
			sourceTree = "<group>";
		};
		F3ED906C62712AD7D6BE7B48 /* Sources */ = {
			isa = PBXGroup;
			children = (
				1DDBF6C206FAD2C4100ADAF0 /* ContentView.swift */,
				5687BF3B935C610F3C1E8491 /* TmpApp.swift */,
			);
			path = Sources;
			sourceTree = "<group>";
		};
/* End PBXGroup section */

/* Begin PBXNativeTarget section */
		9611BF61B5BE3D38FC67CA8E /* SuddenVanguard */ = {
			isa = PBXNativeTarget;
			buildConfigurationList = 03077C5CABE57AF296FC19B9 /* Build configuration list for PBXNativeTarget "SuddenVanguard" */;
			buildPhases = (
				3A23A9AB7148DF7CC5FFB70D /* Sources */,
				0C0B902E893ED6CFDA9D275E /* Resources */,
				4B5C3EA5FAE59D6B9733FCC1 /* Embed Frameworks */,
				E9E216298C4107CD3908F2A8 /* Frameworks */,
			);
			buildRules = (
			);
			dependencies = (
			);
			name = SuddenVanguard;
			productName = SuddenVanguard;
			productReference = DE09D796E38F8D3B55EF0E6C /* SuddenVanguard.app */;
			productType = "com.apple.product-type.application";
		};
		BB129CAAA5DEFE358FAE3118 /* SuddenVanguardTests */ = {
			isa = PBXNativeTarget;
			buildConfigurationList = 146F5807D9B9CB10F9678B70 /* Build configuration list for PBXNativeTarget "SuddenVanguardTests" */;
			buildPhases = (
				A1304A9EDE476279C2A5F482 /* Sources */,
				DC7778DC3C068A459E8739D4 /* Resources */,
				12ED23C4F4B98C4DC9443E58 /* Embed Frameworks */,
				379F6700548BB874AEEB442E /* Frameworks */,
			);
			buildRules = (
			);
			dependencies = (
				3A7AEF83AF8815634D768ABA /* PBXTargetDependency */,
			);
			name = SuddenVanguardTests;
			productName = SuddenVanguardTests;
			productReference = 7E43105532E88E613D15A551 /* SuddenVanguardTests.xctest */;
			productType = "com.apple.product-type.bundle.unit-test";
		};
/* End PBXNativeTarget section */

/* Begin PBXProject section */
		1F6A49080D2DC5D9F248DCD8 /* Project object */ = {
			isa = PBXProject;
			attributes = {
				BuildIndependentTargetsInParallel = YES;
				TargetAttributes = {
					BB129CAAA5DEFE358FAE3118 = {
						TestTargetID = 9611BF61B5BE3D38FC67CA8E;
					};
				};
			};
			buildConfigurationList = 0172AD2E31007B819885D702 /* Build configuration list for PBXProject "SuddenVanguard" */;
			compatibilityVersion = "Xcode 14.0";
			developmentRegion = en;
			hasScannedForEncodings = 0;
			knownRegions = (
				Base,
				en,
			);
			mainGroup = D518777503C2BE6E9507E9B2;
			productRefGroup = E8B8899999E38B1198518C8A /* Products */;
			projectDirPath = "";
			projectRoot = "";
			targets = (
				9611BF61B5BE3D38FC67CA8E /* SuddenVanguard */,
				BB129CAAA5DEFE358FAE3118 /* SuddenVanguardTests */,
			);
		};
/* End PBXProject section */

/* Begin PBXResourcesBuildPhase section */
		0C0B902E893ED6CFDA9D275E /* Resources */ = {
			isa = PBXResourcesBuildPhase;
			buildActionMask = 2147483647;
			files = (
				990D89C63F52FE0C938FFCDB /* Assets.xcassets in Resources */,
				82E98347733FF9DEABCE4094 /* LaunchScreen.storyboard in Resources */,
				390FC5AA345D44857E482778 /* Preview Assets.xcassets in Resources */,
			);
			runOnlyForDeploymentPostprocessing = 0;
		};
		DC7778DC3C068A459E8739D4 /* Resources */ = {
			isa = PBXResourcesBuildPhase;
			buildActionMask = 2147483647;
			files = (
			);
			runOnlyForDeploymentPostprocessing = 0;
		};
/* End PBXResourcesBuildPhase section */

/* Begin PBXSourcesBuildPhase section */
		3A23A9AB7148DF7CC5FFB70D /* Sources */ = {
			isa = PBXSourcesBuildPhase;
			buildActionMask = 2147483647;
			files = (
				BAE509E47C2CACABC38B5505 /* TuistAssets+SuddenVanguard.swift in Sources */,
				8B4D900663C79CF2AEC28E8D /* TuistBundle+SuddenVanguard.swift in Sources */,
				E8D01B885C1C9C5905315A27 /* ContentView.swift in Sources */,
				BB4D18E05BB3110ED5E70126 /* TmpApp.swift in Sources */,
			);
			runOnlyForDeploymentPostprocessing = 0;
		};
		A1304A9EDE476279C2A5F482 /* Sources */ = {
			isa = PBXSourcesBuildPhase;
			buildActionMask = 2147483647;
			files = (
				C41FE1E2EF720977F20C3EB5 /* TmpTests.swift in Sources */,
			);
			runOnlyForDeploymentPostprocessing = 0;
		};
/* End PBXSourcesBuildPhase section */

/* Begin PBXTargetDependency section */
		3A7AEF83AF8815634D768ABA /* PBXTargetDependency */ = {
			isa = PBXTargetDependency;
			name = SuddenVanguard;
			target = 9611BF61B5BE3D38FC67CA8E /* SuddenVanguard */;
			targetProxy = 9BD4D3B580375B4606719FEA /* PBXContainerItemProxy */;
		};
/* End PBXTargetDependency section */

/* Begin XCBuildConfiguration section */
		4302F57E2A391CDE25AAFE74 /* Debug */ = {
			isa = XCBuildConfiguration;
			buildSettings = {
				BUNDLE_LOADER = "$(TEST_HOST)";
				CODE_SIGN_IDENTITY = "iPhone Developer";
				INFOPLIST_FILE = "Derived/InfoPlists/SuddenVanguardTests-Info.plist";
				LD_RUNPATH_SEARCH_PATHS = (
					"$(inherited)",
					"@executable_path/Frameworks",
					"@loader_path/Frameworks",
				);
				PRODUCT_BUNDLE_IDENTIFIER = io.tuist.SuddenVanguardTests;
				PRODUCT_NAME = SuddenVanguardTests;
				SDKROOT = iphoneos;
				SUPPORTS_MACCATALYST = NO;
				SUPPORTS_MAC_DESIGNED_FOR_IPHONE_IPAD = YES;
				SUPPORTS_XR_DESIGNED_FOR_IPHONE_IPAD = NO;
				SWIFT_ACTIVE_COMPILATION_CONDITIONS = (
					"$(inherited)",
					DEBUG,
				);
				SWIFT_COMPILATION_MODE = singlefile;
				SWIFT_OPTIMIZATION_LEVEL = "-Onone";
				SWIFT_VERSION = 5.0;
				TARGETED_DEVICE_FAMILY = "1,2";
				TEST_HOST = "$(BUILT_PRODUCTS_DIR)/SuddenVanguard.app/$(BUNDLE_EXECUTABLE_FOLDER_PATH)/SuddenVanguard";
				TEST_TARGET_NAME = SuddenVanguard;
			};
			name = Debug;
		};
		4EC4B413C24CB39223576C2D /* Release */ = {
			isa = XCBuildConfiguration;
			buildSettings = {
				ASSETCATALOG_COMPILER_APPICON_NAME = AppIcon;
				CODE_SIGN_IDENTITY = "iPhone Developer";
				ENABLE_PREVIEWS = YES;
				INFOPLIST_FILE = "Derived/InfoPlists/SuddenVanguard-Info.plist";
				LD_RUNPATH_SEARCH_PATHS = (
					"$(inherited)",
					"@executable_path/Frameworks",
				);
				PRODUCT_BUNDLE_IDENTIFIER = io.tuist.Tmp;
				PRODUCT_NAME = SuddenVanguard;
				SDKROOT = iphoneos;
				SUPPORTS_MACCATALYST = NO;
				SUPPORTS_MAC_DESIGNED_FOR_IPHONE_IPAD = YES;
				SUPPORTS_XR_DESIGNED_FOR_IPHONE_IPAD = NO;
				SWIFT_COMPILATION_MODE = wholemodule;
				SWIFT_OPTIMIZATION_LEVEL = "-Owholemodule";
				SWIFT_VERSION = 5.0;
				TARGETED_DEVICE_FAMILY = "1,2";
			};
			name = Release;
		};
		5BAFE28FFF3CF9513A0825C9 /* Release */ = {
			isa = XCBuildConfiguration;
			buildSettings = {
				ALWAYS_SEARCH_USER_PATHS = NO;
				CLANG_ANALYZER_LOCALIZABILITY_NONLOCALIZED = YES;
				CLANG_ANALYZER_NONNULL = YES;
				CLANG_ANALYZER_NUMBER_OBJECT_CONVERSION = YES_AGGRESSIVE;
				CLANG_CXX_LANGUAGE_STANDARD = "gnu++14";
				CLANG_CXX_LIBRARY = "libc++";
				CLANG_ENABLE_MODULES = YES;
				CLANG_ENABLE_OBJC_ARC = YES;
				CLANG_ENABLE_OBJC_WEAK = YES;
				CLANG_WARN_BLOCK_CAPTURE_AUTORELEASING = YES;
				CLANG_WARN_BOOL_CONVERSION = YES;
				CLANG_WARN_COMMA = YES;
				CLANG_WARN_CONSTANT_CONVERSION = YES;
				CLANG_WARN_DEPRECATED_OBJC_IMPLEMENTATIONS = YES;
				CLANG_WARN_DIRECT_OBJC_ISA_USAGE = YES_ERROR;
				CLANG_WARN_DOCUMENTATION_COMMENTS = YES;
				CLANG_WARN_EMPTY_BODY = YES;
				CLANG_WARN_ENUM_CONVERSION = YES;
				CLANG_WARN_INFINITE_RECURSION = YES;
				CLANG_WARN_INT_CONVERSION = YES;
				CLANG_WARN_NON_LITERAL_NULL_CONVERSION = YES;
				CLANG_WARN_OBJC_IMPLICIT_RETAIN_SELF = YES;
				CLANG_WARN_OBJC_LITERAL_CONVERSION = YES;
				CLANG_WARN_OBJC_ROOT_CLASS = YES_ERROR;
				CLANG_WARN_QUOTED_INCLUDE_IN_FRAMEWORK_HEADER = YES;
				CLANG_WARN_RANGE_LOOP_ANALYSIS = YES;
				CLANG_WARN_STRICT_PROTOTYPES = YES;
				CLANG_WARN_SUSPICIOUS_MOVE = YES;
				CLANG_WARN_UNGUARDED_AVAILABILITY = YES_AGGRESSIVE;
				CLANG_WARN_UNREACHABLE_CODE = YES;
				CLANG_WARN__DUPLICATE_METHOD_MATCH = YES;
				COPY_PHASE_STRIP = NO;
				DEAD_CODE_STRIPPING = YES;
				DEBUG_INFORMATION_FORMAT = "dwarf-with-dsym";
				ENABLE_NS_ASSERTIONS = NO;
				ENABLE_STRICT_OBJC_MSGSEND = YES;
				GCC_C_LANGUAGE_STANDARD = gnu11;
				GCC_NO_COMMON_BLOCKS = YES;
				GCC_WARN_64_TO_32_BIT_CONVERSION = YES;
				GCC_WARN_ABOUT_RETURN_TYPE = YES_ERROR;
				GCC_WARN_UNDECLARED_SELECTOR = YES;
				GCC_WARN_UNINITIALIZED_AUTOS = YES_AGGRESSIVE;
				GCC_WARN_UNUSED_FUNCTION = YES;
				GCC_WARN_UNUSED_VARIABLE = YES;
				MTL_ENABLE_DEBUG_INFO = NO;
				PRODUCT_NAME = "$(TARGET_NAME)";
				VALIDATE_PRODUCT = YES;
			};
			name = Release;
		};
		C338C3C6B8EAC0254903F4B1 /* Debug */ = {
			isa = XCBuildConfiguration;
			buildSettings = {
				ALWAYS_SEARCH_USER_PATHS = NO;
				CLANG_ANALYZER_LOCALIZABILITY_NONLOCALIZED = YES;
				CLANG_ANALYZER_NONNULL = YES;
				CLANG_ANALYZER_NUMBER_OBJECT_CONVERSION = YES_AGGRESSIVE;
				CLANG_CXX_LANGUAGE_STANDARD = "gnu++14";
				CLANG_CXX_LIBRARY = "libc++";
				CLANG_ENABLE_MODULES = YES;
				CLANG_ENABLE_OBJC_ARC = YES;
				CLANG_ENABLE_OBJC_WEAK = YES;
				CLANG_WARN_BLOCK_CAPTURE_AUTORELEASING = YES;
				CLANG_WARN_BOOL_CONVERSION = YES;
				CLANG_WARN_COMMA = YES;
				CLANG_WARN_CONSTANT_CONVERSION = YES;
				CLANG_WARN_DEPRECATED_OBJC_IMPLEMENTATIONS = YES;
				CLANG_WARN_DIRECT_OBJC_ISA_USAGE = YES_ERROR;
				CLANG_WARN_DOCUMENTATION_COMMENTS = YES;
				CLANG_WARN_EMPTY_BODY = YES;
				CLANG_WARN_ENUM_CONVERSION = YES;
				CLANG_WARN_INFINITE_RECURSION = YES;
				CLANG_WARN_INT_CONVERSION = YES;
				CLANG_WARN_NON_LITERAL_NULL_CONVERSION = YES;
				CLANG_WARN_OBJC_IMPLICIT_RETAIN_SELF = YES;
				CLANG_WARN_OBJC_LITERAL_CONVERSION = YES;
				CLANG_WARN_OBJC_ROOT_CLASS = YES_ERROR;
				CLANG_WARN_QUOTED_INCLUDE_IN_FRAMEWORK_HEADER = YES;
				CLANG_WARN_RANGE_LOOP_ANALYSIS = YES;
				CLANG_WARN_STRICT_PROTOTYPES = YES;
				CLANG_WARN_SUSPICIOUS_MOVE = YES;
				CLANG_WARN_UNGUARDED_AVAILABILITY = YES_AGGRESSIVE;
				CLANG_WARN_UNREACHABLE_CODE = YES;
				CLANG_WARN__DUPLICATE_METHOD_MATCH = YES;
				COPY_PHASE_STRIP = NO;
				DEAD_CODE_STRIPPING = YES;
				DEBUG_INFORMATION_FORMAT = dwarf;
				ENABLE_STRICT_OBJC_MSGSEND = YES;
				ENABLE_TESTABILITY = YES;
				GCC_C_LANGUAGE_STANDARD = gnu11;
				GCC_DYNAMIC_NO_PIC = NO;
				GCC_NO_COMMON_BLOCKS = YES;
				GCC_OPTIMIZATION_LEVEL = 0;
				GCC_PREPROCESSOR_DEFINITIONS = (
					"DEBUG=1",
					"$(inherited)",
				);
				GCC_WARN_64_TO_32_BIT_CONVERSION = YES;
				GCC_WARN_ABOUT_RETURN_TYPE = YES_ERROR;
				GCC_WARN_UNDECLARED_SELECTOR = YES;
				GCC_WARN_UNINITIALIZED_AUTOS = YES_AGGRESSIVE;
				GCC_WARN_UNUSED_FUNCTION = YES;
				GCC_WARN_UNUSED_VARIABLE = YES;
				MTL_ENABLE_DEBUG_INFO = YES;
				ONLY_ACTIVE_ARCH = YES;
				PRODUCT_NAME = "$(TARGET_NAME)";
			};
			name = Debug;
		};
		E120FAFE92B6F215479D7332 /* Debug */ = {
			isa = XCBuildConfiguration;
			buildSettings = {
				ASSETCATALOG_COMPILER_APPICON_NAME = AppIcon;
				CODE_SIGN_IDENTITY = "iPhone Developer";
				ENABLE_PREVIEWS = YES;
				INFOPLIST_FILE = "Derived/InfoPlists/SuddenVanguard-Info.plist";
				LD_RUNPATH_SEARCH_PATHS = (
					"$(inherited)",
					"@executable_path/Frameworks",
				);
				PRODUCT_BUNDLE_IDENTIFIER = io.tuist.Tmp;
				PRODUCT_NAME = SuddenVanguard;
				SDKROOT = iphoneos;
				SUPPORTS_MACCATALYST = NO;
				SUPPORTS_MAC_DESIGNED_FOR_IPHONE_IPAD = YES;
				SUPPORTS_XR_DESIGNED_FOR_IPHONE_IPAD = NO;
				SWIFT_ACTIVE_COMPILATION_CONDITIONS = (
					"$(inherited)",
					DEBUG,
				);
				SWIFT_COMPILATION_MODE = singlefile;
				SWIFT_OPTIMIZATION_LEVEL = "-Onone";
				SWIFT_VERSION = 5.0;
				TARGETED_DEVICE_FAMILY = "1,2";
			};
			name = Debug;
		};
		E601CFA599EE068214F6288E /* Release */ = {
			isa = XCBuildConfiguration;
			buildSettings = {
				BUNDLE_LOADER = "$(TEST_HOST)";
				CODE_SIGN_IDENTITY = "iPhone Developer";
				INFOPLIST_FILE = "Derived/InfoPlists/SuddenVanguardTests-Info.plist";
				LD_RUNPATH_SEARCH_PATHS = (
					"$(inherited)",
					"@executable_path/Frameworks",
					"@loader_path/Frameworks",
				);
				PRODUCT_BUNDLE_IDENTIFIER = io.tuist.SuddenVanguardTests;
				PRODUCT_NAME = SuddenVanguardTests;
				SDKROOT = iphoneos;
				SUPPORTS_MACCATALYST = NO;
				SUPPORTS_MAC_DESIGNED_FOR_IPHONE_IPAD = YES;
				SUPPORTS_XR_DESIGNED_FOR_IPHONE_IPAD = NO;
				SWIFT_COMPILATION_MODE = wholemodule;
				SWIFT_OPTIMIZATION_LEVEL = "-Owholemodule";
				SWIFT_VERSION = 5.0;
				TARGETED_DEVICE_FAMILY = "1,2";
				TEST_HOST = "$(BUILT_PRODUCTS_DIR)/SuddenVanguard.app/$(BUNDLE_EXECUTABLE_FOLDER_PATH)/SuddenVanguard";
				TEST_TARGET_NAME = SuddenVanguard;
			};
			name = Release;
		};
/* End XCBuildConfiguration section */

/* Begin XCConfigurationList section */
		0172AD2E31007B819885D702 /* Build configuration list for PBXProject "SuddenVanguard" */ = {
			isa = XCConfigurationList;
			buildConfigurations = (
				C338C3C6B8EAC0254903F4B1 /* Debug */,
				5BAFE28FFF3CF9513A0825C9 /* Release */,
			);
			defaultConfigurationIsVisible = 0;
			defaultConfigurationName = Release;
		};
		03077C5CABE57AF296FC19B9 /* Build configuration list for PBXNativeTarget "SuddenVanguard" */ = {
			isa = XCConfigurationList;
			buildConfigurations = (
				E120FAFE92B6F215479D7332 /* Debug */,
				4EC4B413C24CB39223576C2D /* Release */,
			);
			defaultConfigurationIsVisible = 0;
			defaultConfigurationName = Release;
		};
		146F5807D9B9CB10F9678B70 /* Build configuration list for PBXNativeTarget "SuddenVanguardTests" */ = {
			isa = XCConfigurationList;
			buildConfigurations = (
				4302F57E2A391CDE25AAFE74 /* Debug */,
				E601CFA599EE068214F6288E /* Release */,
			);
			defaultConfigurationIsVisible = 0;
			defaultConfigurationName = Release;
		};
/* End XCConfigurationList section */
	};
	rootObject = 1F6A49080D2DC5D9F248DCD8 /* Project object */;
}
